// !$*UTF8*$!
{
	archiveVersion = 1;
	classes = {
	};
	objectVersion = 46;
	objects = {

/* Begin PBXBuildFile section */
		53DCAC1E1C7D1C040029B65A /* AppDelegate.swift in Sources */ = {isa = PBXBuildFile; fileRef = 53DCAC1D1C7D1C040029B65A /* AppDelegate.swift */; };
		53DCAC201C7D1C040029B65A /* HomeViewController.swift in Sources */ = {isa = PBXBuildFile; fileRef = 53DCAC1F1C7D1C040029B65A /* HomeViewController.swift */; };
		53DCAC231C7D1C040029B65A /* Main.storyboard in Resources */ = {isa = PBXBuildFile; fileRef = 53DCAC211C7D1C040029B65A /* Main.storyboard */; };
		53DCAC251C7D1C040029B65A /* Assets.xcassets in Resources */ = {isa = PBXBuildFile; fileRef = 53DCAC241C7D1C040029B65A /* Assets.xcassets */; };
		53DCAC281C7D1C040029B65A /* LaunchScreen.storyboard in Resources */ = {isa = PBXBuildFile; fileRef = 53DCAC261C7D1C040029B65A /* LaunchScreen.storyboard */; };
/* End PBXBuildFile section */

/* Begin PBXFileReference section */
		53DCAC1A1C7D1C040029B65A /* iPhoneHidingFingers.app */ = {isa = PBXFileReference; explicitFileType = wrapper.application; includeInIndex = 0; path = iPhoneHidingFingers.app; sourceTree = BUILT_PRODUCTS_DIR; };
		53DCAC1D1C7D1C040029B65A /* AppDelegate.swift */ = {isa = PBXFileReference; lastKnownFileType = sourcecode.swift; path = AppDelegate.swift; sourceTree = "<group>"; };
		53DCAC1F1C7D1C040029B65A /* HomeViewController.swift */ = {isa = PBXFileReference; lastKnownFileType = sourcecode.swift; path = HomeViewController.swift; sourceTree = "<group>"; };
		53DCAC221C7D1C040029B65A /* Base */ = {isa = PBXFileReference; lastKnownFileType = file.storyboard; name = Base; path = Base.lproj/Main.storyboard; sourceTree = "<group>"; };
		53DCAC241C7D1C040029B65A /* Assets.xcassets */ = {isa = PBXFileReference; lastKnownFileType = folder.assetcatalog; path = Assets.xcassets; sourceTree = "<group>"; };
		53DCAC271C7D1C040029B65A /* Base */ = {isa = PBXFileReference; lastKnownFileType = file.storyboard; name = Base; path = Base.lproj/LaunchScreen.storyboard; sourceTree = "<group>"; };
		53DCAC291C7D1C040029B65A /* Info.plist */ = {isa = PBXFileReference; lastKnownFileType = text.plist.xml; path = Info.plist; sourceTree = "<group>"; };
/* End PBXFileReference section */

/* Begin PBXFrameworksBuildPhase section */
		53DCAC171C7D1C040029B65A /* Frameworks */ = {
			isa = PBXFrameworksBuildPhase;
			buildActionMask = 2147483647;
			files = (
			);
			runOnlyForDeploymentPostprocessing = 0;
		};
/* End PBXFrameworksBuildPhase section */

/* Begin PBXGroup section */
		53DCAC111C7D1C040029B65A = {
			isa = PBXGroup;
			children = (
				53DCAC1C1C7D1C040029B65A /* iPhoneHidingFingers */,
				53DCAC1B1C7D1C040029B65A /* Products */,
			);
			sourceTree = "<group>";
		};
		53DCAC1B1C7D1C040029B65A /* Products */ = {
			isa = PBXGroup;
			children = (
				53DCAC1A1C7D1C040029B65A /* iPhoneHidingFingers.app */,
			);
			name = Products;
			sourceTree = "<group>";
		};
		53DCAC1C1C7D1C040029B65A /* iPhoneHidingFingers */ = {
			isa = PBXGroup;
			children = (
				53DCAC311C7D1C240029B65A /* Common */,
				53DCAC2F1C7D1C0A0029B65A /* Controllers */,
				53DCAC301C7D1C0F0029B65A /* Storyboards */,
				53DCAC241C7D1C040029B65A /* Assets.xcassets */,
				53DCAC291C7D1C040029B65A /* Info.plist */,
			);
			path = iPhoneHidingFingers;
			sourceTree = "<group>";
		};
		53DCAC2F1C7D1C0A0029B65A /* Controllers */ = {
			isa = PBXGroup;
			children = (
				53DCAC1F1C7D1C040029B65A /* HomeViewController.swift */,
			);
			path = Controllers;
			sourceTree = "<group>";
		};
		53DCAC301C7D1C0F0029B65A /* Storyboards */ = {
			isa = PBXGroup;
			children = (
				53DCAC261C7D1C040029B65A /* LaunchScreen.storyboard */,
				53DCAC211C7D1C040029B65A /* Main.storyboard */,
			);
			path = Storyboards;
			sourceTree = "<group>";
		};
		53DCAC311C7D1C240029B65A /* Common */ = {
			isa = PBXGroup;
			children = (
				53DCAC1D1C7D1C040029B65A /* AppDelegate.swift */,
			);
			path = Common;
			sourceTree = "<group>";
		};
/* End PBXGroup section */

/* Begin PBXNativeTarget section */
		53DCAC191C7D1C040029B65A /* iPhoneHidingFingers */ = {
			isa = PBXNativeTarget;
			buildConfigurationList = 53DCAC2C1C7D1C040029B65A /* Build configuration list for PBXNativeTarget "iPhoneHidingFingers" */;
			buildPhases = (
				53DCAC161C7D1C040029B65A /* Sources */,
				53DCAC171C7D1C040029B65A /* Frameworks */,
				53DCAC181C7D1C040029B65A /* Resources */,
			);
			buildRules = (
			);
			dependencies = (
			);
			name = iPhoneHidingFingers;
			productName = iPhoneHidingFingers;
			productReference = 53DCAC1A1C7D1C040029B65A /* iPhoneHidingFingers.app */;
			productType = "com.apple.product-type.application";
		};
/* End PBXNativeTarget section */

/* Begin PBXProject section */
		53DCAC121C7D1C040029B65A /* Project object */ = {
			isa = PBXProject;
			attributes = {
				LastSwiftUpdateCheck = 0720;
				LastUpgradeCheck = 0720;
				ORGANIZATIONNAME = "Data Empire";
				TargetAttributes = {
					53DCAC191C7D1C040029B65A = {
						CreatedOnToolsVersion = 7.2.1;
					};
				};
			};
			buildConfigurationList = 53DCAC151C7D1C040029B65A /* Build configuration list for PBXProject "iPhoneHidingFingers" */;
			compatibilityVersion = "Xcode 3.2";
			developmentRegion = English;
			hasScannedForEncodings = 0;
			knownRegions = (
				en,
				Base,
			);
			mainGroup = 53DCAC111C7D1C040029B65A;
			productRefGroup = 53DCAC1B1C7D1C040029B65A /* Products */;
			projectDirPath = "";
			projectRoot = "";
			targets = (
				53DCAC191C7D1C040029B65A /* iPhoneHidingFingers */,
			);
		};
/* End PBXProject section */

/* Begin PBXResourcesBuildPhase section */
		53DCAC181C7D1C040029B65A /* Resources */ = {
			isa = PBXResourcesBuildPhase;
			buildActionMask = 2147483647;
			files = (
				53DCAC281C7D1C040029B65A /* LaunchScreen.storyboard in Resources */,
				53DCAC251C7D1C040029B65A /* Assets.xcassets in Resources */,
				53DCAC231C7D1C040029B65A /* Main.storyboard in Resources */,
			);
			runOnlyForDeploymentPostprocessing = 0;
		};
/* End PBXResourcesBuildPhase section */

/* Begin PBXSourcesBuildPhase section */
		53DCAC161C7D1C040029B65A /* Sources */ = {
			isa = PBXSourcesBuildPhase;
			buildActionMask = 2147483647;
			files = (
				53DCAC201C7D1C040029B65A /* HomeViewController.swift in Sources */,
				53DCAC1E1C7D1C040029B65A /* AppDelegate.swift in Sources */,
			);
			runOnlyForDeploymentPostprocessing = 0;
		};
/* End PBXSourcesBuildPhase section */

/* Begin PBXVariantGroup section */
		53DCAC211C7D1C040029B65A /* Main.storyboard */ = {
			isa = PBXVariantGroup;
			children = (
				53DCAC221C7D1C040029B65A /* Base */,
			);
			name = Main.storyboard;
			path = .;
			sourceTree = "<group>";
		};
		53DCAC261C7D1C040029B65A /* LaunchScreen.storyboard */ = {
			isa = PBXVariantGroup;
			children = (
				53DCAC271C7D1C040029B65A /* Base */,
			);
			name = LaunchScreen.storyboard;
			path = .;
			sourceTree = "<group>";
		};
/* End PBXVariantGroup section */

/* Begin XCBuildConfiguration section */
		53DCAC2A1C7D1C040029B65A /* Debug */ = {
			isa = XCBuildConfiguration;
			buildSettings = {
				ALWAYS_SEARCH_USER_PATHS = NO;
				CLANG_CXX_LANGUAGE_STANDARD = "gnu++0x";
				CLANG_CXX_LIBRARY = "libc++";
				CLANG_ENABLE_MODULES = YES;
				CLANG_ENABLE_OBJC_ARC = YES;
				CLANG_WARN_BOOL_CONVERSION = YES;
				CLANG_WARN_CONSTANT_CONVERSION = YES;
				CLANG_WARN_DIRECT_OBJC_ISA_USAGE = YES_ERROR;
				CLANG_WARN_EMPTY_BODY = YES;
				CLANG_WARN_ENUM_CONVERSION = YES;
				CLANG_WARN_INT_CONVERSION = YES;
				CLANG_WARN_OBJC_ROOT_CLASS = YES_ERROR;
				CLANG_WARN_UNREACHABLE_CODE = YES;
				CLANG_WARN__DUPLICATE_METHOD_MATCH = YES;
				"CODE_SIGN_IDENTITY[sdk=iphoneos*]" = "iPhone Developer";
				COPY_PHASE_STRIP = NO;
				DEBUG_INFORMATION_FORMAT = dwarf;
				ENABLE_STRICT_OBJC_MSGSEND = YES;
				ENABLE_TESTABILITY = YES;
				GCC_C_LANGUAGE_STANDARD = gnu99;
				GCC_DYNAMIC_NO_PIC = NO;
				GCC_NO_COMMON_BLOCKS = YES;
				GCC_OPTIMIZATION_LEVEL = 0;
				GCC_PREPROCESSOR_DEFINITIONS = (
					"DEBUG=1",
					"$(inherited)",
				);
				GCC_WARN_64_TO_32_BIT_CONVERSION = YES;
				GCC_WARN_ABOUT_RETURN_TYPE = YES_ERROR;
				GCC_WARN_UNDECLARED_SELECTOR = YES;
				GCC_WARN_UNINITIALIZED_AUTOS = YES_AGGRESSIVE;
				GCC_WARN_UNUSED_FUNCTION = YES;
				GCC_WARN_UNUSED_VARIABLE = YES;
				IPHONEOS_DEPLOYMENT_TARGET = 9.2;
				MTL_ENABLE_DEBUG_INFO = YES;
				ONLY_ACTIVE_ARCH = YES;
				SDKROOT = iphoneos;
				SWIFT_OPTIMIZATION_LEVEL = "-Onone";
				TARGETED_DEVICE_FAMILY = "1,2";
			};
			name = Debug;
		};
		53DCAC2B1C7D1C040029B65A /* Release */ = {
			isa = XCBuildConfiguration;
			buildSettings = {
				ALWAYS_SEARCH_USER_PATHS = NO;
				CLANG_CXX_LANGUAGE_STANDARD = "gnu++0x";
				CLANG_CXX_LIBRARY = "libc++";
				CLANG_ENABLE_MODULES = YES;
				CLANG_ENABLE_OBJC_ARC = YES;
				CLANG_WARN_BOOL_CONVERSION = YES;
				CLANG_WARN_CONSTANT_CONVERSION = YES;
				CLANG_WARN_DIRECT_OBJC_ISA_USAGE = YES_ERROR;
				CLANG_WARN_EMPTY_BODY = YES;
				CLANG_WARN_ENUM_CONVERSION = YES;
				CLANG_WARN_INT_CONVERSION = YES;
				CLANG_WARN_OBJC_ROOT_CLASS = YES_ERROR;
				CLANG_WARN_UNREACHABLE_CODE = YES;
				CLANG_WARN__DUPLICATE_METHOD_MATCH = YES;
				"CODE_SIGN_IDENTITY[sdk=iphoneos*]" = "iPhone Developer";
				COPY_PHASE_STRIP = NO;
				DEBUG_INFORMATION_FORMAT = "dwarf-with-dsym";
				ENABLE_NS_ASSERTIONS = NO;
				ENABLE_STRICT_OBJC_MSGSEND = YES;
				GCC_C_LANGUAGE_STANDARD = gnu99;
				GCC_NO_COMMON_BLOCKS = YES;
				GCC_WARN_64_TO_32_BIT_CONVERSION = YES;
				GCC_WARN_ABOUT_RETURN_TYPE = YES_ERROR;
				GCC_WARN_UNDECLARED_SELECTOR = YES;
				GCC_WARN_UNINITIALIZED_AUTOS = YES_AGGRESSIVE;
				GCC_WARN_UNUSED_FUNCTION = YES;
				GCC_WARN_UNUSED_VARIABLE = YES;
				IPHONEOS_DEPLOYMENT_TARGET = 9.2;
				MTL_ENABLE_DEBUG_INFO = NO;
				SDKROOT = iphoneos;
				TARGETED_DEVICE_FAMILY = "1,2";
				VALIDATE_PRODUCT = YES;
			};
			name = Release;
		};
		53DCAC2D1C7D1C040029B65A /* Debug */ = {
			isa = XCBuildConfiguration;
			buildSettings = {
				ASSETCATALOG_COMPILER_APPICON_NAME = AppIcon;
				INFOPLIST_FILE = iPhoneHidingFingers/Info.plist;
				LD_RUNPATH_SEARCH_PATHS = "$(inherited) @executable_path/Frameworks";
				PRODUCT_BUNDLE_IDENTIFIER = info.dataempire.iPhoneHidingFingers;
				PRODUCT_NAME = "$(TARGET_NAME)";
			};
			name = Debug;
		};
		53DCAC2E1C7D1C040029B65A /* Release */ = {
			isa = XCBuildConfiguration;
			buildSettings = {
				ASSETCATALOG_COMPILER_APPICON_NAME = AppIcon;
				INFOPLIST_FILE = iPhoneHidingFingers/Info.plist;
				LD_RUNPATH_SEARCH_PATHS = "$(inherited) @executable_path/Frameworks";
				PRODUCT_BUNDLE_IDENTIFIER = info.dataempire.iPhoneHidingFingers;
				PRODUCT_NAME = "$(TARGET_NAME)";
			};
			name = Release;
		};
/* End XCBuildConfiguration section */

/* Begin XCConfigurationList section */
		53DCAC151C7D1C040029B65A /* Build configuration list for PBXProject "iPhoneHidingFingers" */ = {
			isa = XCConfigurationList;
			buildConfigurations = (
				53DCAC2A1C7D1C040029B65A /* Debug */,
				53DCAC2B1C7D1C040029B65A /* Release */,
			);
			defaultConfigurationIsVisible = 0;
			defaultConfigurationName = Release;
		};
		53DCAC2C1C7D1C040029B65A /* Build configuration list for PBXNativeTarget "iPhoneHidingFingers" */ = {
			isa = XCConfigurationList;
			buildConfigurations = (
				53DCAC2D1C7D1C040029B65A /* Debug */,
				53DCAC2E1C7D1C040029B65A /* Release */,
			);
			defaultConfigurationIsVisible = 0;
			defaultConfigurationName = Release;
		};
/* End XCConfigurationList section */
	};
	rootObject = 53DCAC121C7D1C040029B65A /* Project object */;
}
